# THIS IS AN AUTOGENERATED FILE. DO NOT EDIT THIS FILE DIRECTLY.
# yarn lockfile v1


"@types/luxon@^3.3.4":
  version "3.3.4"
  resolved "https://registry.yarnpkg.com/@types/luxon/-/luxon-3.3.4.tgz#cda5c0709a0c4c01ba059c40e62d76610479049a"
  integrity sha512-H9OXxv4EzJwE75aTPKpiGXJq+y4LFxjpsdgKwSmr503P5DkWc3AG7VAFYrFNVvqemT5DfgZJV9itYhqBHSGujA==

luxon@^3.4.3:
  version "3.4.3"
  resolved "https://registry.yarnpkg.com/luxon/-/luxon-3.4.3.tgz#8ddf0358a9492267ffec6a13675fbaab5551315d"
  integrity sha512-tFWBiv3h7z+T/tDaoxA8rqTxy1CHV6gHS//QdaH4pulbq/JuBSGgQspQQqcgnwdAx6pNI7cmvz5Sv/addzHmUg==

typescript@^4.0.0:
  version "4.9.5"
  resolved "https://registry.yarnpkg.com/typescript/-/typescript-4.9.5.tgz#095979f9bcc0d09da324d58d03ce8f8374cbe65a"
  integrity sha512-1FXk9E2Hm+QzZQ7z+McJiHL4NW1F2EzMu9Nq9i3zAaGqibafqYwCVU6WyWAuyQRRzOlxou8xZSyXLEN8oKj24g==
